{
  "pins" : [
    {
      "identity" : "zeticmlangeios",
      "kind" : "remoteSourceControl",
      "location" : "https://github.com/zetic-ai/ZeticMLangeiOS.git",
      "state" : {
        "revision" : "fb9bbae267f11f7240374175779c189ae45894c7",
        "version" : "1.5.8"
      }
    }
  ],
  "version" : 2
}
